
Microsoft Visual Studio Solution File, Format Version 12.00
# Visual Studio Version 17
VisualStudioVersion = 17.1.32328.378
MinimumVisualStudioVersion = 10.0.40219.1
Project("{9A19103F-16F7-4668-BE54-9A1E7A4F7556}") = "BlartVersenwald_IIIProject", "BlartVersenwald_IIIProject\BlartVersenwald_IIIProject.csproj", "{8DE327E4-A22F-4410-9EEB-4D65E70DCB49}"
EndProject
Project("{FAE04EC0-301F-11D3-BF4B-00C04F79EFBC}") = "BlartVersenwald_IIITest", "BlartVersenwald_IIITest\BlartVersenwald_IIITest.csproj", "{0494C9F6-BDAA-499E-9256-704030769EA8}"
EndProject
Global
	GlobalSection(SolutionConfigurationPlatforms) = preSolution
		Debug|Any CPU = Debug|Any CPU
		Release|Any CPU = Release|Any CPU
	EndGlobalSection
	GlobalSection(ProjectConfigurationPlatforms) = postSolution
		{8DE327E4-A22F-4410-9EEB-4D65E70DCB49}.Debug|Any CPU.ActiveCfg = Debug|Any CPU
		{8DE327E4-A22F-4410-9EEB-4D65E70DCB49}.Debug|Any CPU.Build.0 = Debug|Any CPU
		{8DE327E4-A22F-4410-9EEB-4D65E70DCB49}.Release|Any CPU.ActiveCfg = Release|Any CPU
		{8DE327E4-A22F-4410-9EEB-4D65E70DCB49}.Release|Any CPU.Build.0 = Release|Any CPU
		{0494C9F6-BDAA-499E-9256-704030769EA8}.Debug|Any CPU.ActiveCfg = Debug|Any CPU
		{0494C9F6-BDAA-499E-9256-704030769EA8}.Debug|Any CPU.Build.0 = Debug|Any CPU
		{0494C9F6-BDAA-499E-9256-704030769EA8}.Release|Any CPU.ActiveCfg = Release|Any CPU
		{0494C9F6-BDAA-499E-9256-704030769EA8}.Release|Any CPU.Build.0 = Release|Any CPU
	EndGlobalSection
	GlobalSection(SolutionProperties) = preSolution
		HideSolutionNode = FALSE
	EndGlobalSection
	GlobalSection(ExtensibilityGlobals) = postSolution
		SolutionGuid = {F63F5528-0572-4CC3-B812-B64A2EF8863A}
	EndGlobalSection
EndGlobal
